
Microsoft Visual Studio Solution File, Format Version 12.00
# Visual Studio 15
VisualStudioVersion = 15.0.26124.0
MinimumVisualStudioVersion = 15.0.26124.0
Project("{2150E333-8FDC-42A3-9474-1A3956D46DE8}") = "src", "src", "{E1E00053-6365-47AD-B4BF-52347A3B826E}"
EndProject
Project("{FAE04EC0-301F-11D3-BF4B-00C04F79EFBC}") = "StringIds.Core", "src\StringIds.Core\StringIds.Core.csproj", "{EEF7C7D5-A3C0-44BA-9FA7-C0C9AE7D1B11}"
EndProject
Project("{FAE04EC0-301F-11D3-BF4B-00C04F79EFBC}") = "StringIds.Domain", "src\StringIds.Domain\StringIds.Domain.csproj", "{8066FE91-AEC9-4E55-B7AF-60AF1D34DE6F}"
EndProject
Project("{FAE04EC0-301F-11D3-BF4B-00C04F79EFBC}") = "StringIds.Api", "src\StringIds.Api\StringIds.Api.csproj", "{757D965F-0375-43AF-9509-A306CE56B0B2}"
EndProject
Project("{2150E333-8FDC-42A3-9474-1A3956D46DE8}") = "test", "test", "{AD84ECB3-B08D-4F5C-8FAC-050847810EB1}"
EndProject
Project("{FAE04EC0-301F-11D3-BF4B-00C04F79EFBC}") = "IntegrationTests", "test\IntegrationTests\IntegrationTests.csproj", "{56F0912D-D272-44D9-BE6B-CE2199D54C9A}"
EndProject
Project("{FAE04EC0-301F-11D3-BF4B-00C04F79EFBC}") = "UnitTests", "test\UnitTests\UnitTests.csproj", "{0DDCF558-B2BD-4C78-BE6F-791095831C1B}"
EndProject
Global
	GlobalSection(SolutionConfigurationPlatforms) = preSolution
		Debug|Any CPU = Debug|Any CPU
		Debug|x64 = Debug|x64
		Debug|x86 = Debug|x86
		Release|Any CPU = Release|Any CPU
		Release|x64 = Release|x64
		Release|x86 = Release|x86
	EndGlobalSection
	GlobalSection(SolutionProperties) = preSolution
		HideSolutionNode = FALSE
	EndGlobalSection
	GlobalSection(ProjectConfigurationPlatforms) = postSolution
		{EEF7C7D5-A3C0-44BA-9FA7-C0C9AE7D1B11}.Debug|Any CPU.ActiveCfg = Debug|Any CPU
		{EEF7C7D5-A3C0-44BA-9FA7-C0C9AE7D1B11}.Debug|Any CPU.Build.0 = Debug|Any CPU
		{EEF7C7D5-A3C0-44BA-9FA7-C0C9AE7D1B11}.Debug|x64.ActiveCfg = Debug|Any CPU
		{EEF7C7D5-A3C0-44BA-9FA7-C0C9AE7D1B11}.Debug|x64.Build.0 = Debug|Any CPU
		{EEF7C7D5-A3C0-44BA-9FA7-C0C9AE7D1B11}.Debug|x86.ActiveCfg = Debug|Any CPU
		{EEF7C7D5-A3C0-44BA-9FA7-C0C9AE7D1B11}.Debug|x86.Build.0 = Debug|Any CPU
		{EEF7C7D5-A3C0-44BA-9FA7-C0C9AE7D1B11}.Release|Any CPU.ActiveCfg = Release|Any CPU
		{EEF7C7D5-A3C0-44BA-9FA7-C0C9AE7D1B11}.Release|Any CPU.Build.0 = Release|Any CPU
		{EEF7C7D5-A3C0-44BA-9FA7-C0C9AE7D1B11}.Release|x64.ActiveCfg = Release|Any CPU
		{EEF7C7D5-A3C0-44BA-9FA7-C0C9AE7D1B11}.Release|x64.Build.0 = Release|Any CPU
		{EEF7C7D5-A3C0-44BA-9FA7-C0C9AE7D1B11}.Release|x86.ActiveCfg = Release|Any CPU
		{EEF7C7D5-A3C0-44BA-9FA7-C0C9AE7D1B11}.Release|x86.Build.0 = Release|Any CPU
		{8066FE91-AEC9-4E55-B7AF-60AF1D34DE6F}.Debug|Any CPU.ActiveCfg = Debug|Any CPU
		{8066FE91-AEC9-4E55-B7AF-60AF1D34DE6F}.Debug|Any CPU.Build.0 = Debug|Any CPU
		{8066FE91-AEC9-4E55-B7AF-60AF1D34DE6F}.Debug|x64.ActiveCfg = Debug|Any CPU
		{8066FE91-AEC9-4E55-B7AF-60AF1D34DE6F}.Debug|x64.Build.0 = Debug|Any CPU
		{8066FE91-AEC9-4E55-B7AF-60AF1D34DE6F}.Debug|x86.ActiveCfg = Debug|Any CPU
		{8066FE91-AEC9-4E55-B7AF-60AF1D34DE6F}.Debug|x86.Build.0 = Debug|Any CPU
		{8066FE91-AEC9-4E55-B7AF-60AF1D34DE6F}.Release|Any CPU.ActiveCfg = Release|Any CPU
		{8066FE91-AEC9-4E55-B7AF-60AF1D34DE6F}.Release|Any CPU.Build.0 = Release|Any CPU
		{8066FE91-AEC9-4E55-B7AF-60AF1D34DE6F}.Release|x64.ActiveCfg = Release|Any CPU
		{8066FE91-AEC9-4E55-B7AF-60AF1D34DE6F}.Release|x64.Build.0 = Release|Any CPU
		{8066FE91-AEC9-4E55-B7AF-60AF1D34DE6F}.Release|x86.ActiveCfg = Release|Any CPU
		{8066FE91-AEC9-4E55-B7AF-60AF1D34DE6F}.Release|x86.Build.0 = Release|Any CPU
		{757D965F-0375-43AF-9509-A306CE56B0B2}.Debug|Any CPU.ActiveCfg = Debug|Any CPU
		{757D965F-0375-43AF-9509-A306CE56B0B2}.Debug|Any CPU.Build.0 = Debug|Any CPU
		{757D965F-0375-43AF-9509-A306CE56B0B2}.Debug|x64.ActiveCfg = Debug|Any CPU
		{757D965F-0375-43AF-9509-A306CE56B0B2}.Debug|x64.Build.0 = Debug|Any CPU
		{757D965F-0375-43AF-9509-A306CE56B0B2}.Debug|x86.ActiveCfg = Debug|Any CPU
		{757D965F-0375-43AF-9509-A306CE56B0B2}.Debug|x86.Build.0 = Debug|Any CPU
		{757D965F-0375-43AF-9509-A306CE56B0B2}.Release|Any CPU.ActiveCfg = Release|Any CPU
		{757D965F-0375-43AF-9509-A306CE56B0B2}.Release|Any CPU.Build.0 = Release|Any CPU
		{757D965F-0375-43AF-9509-A306CE56B0B2}.Release|x64.ActiveCfg = Release|Any CPU
		{757D965F-0375-43AF-9509-A306CE56B0B2}.Release|x64.Build.0 = Release|Any CPU
		{757D965F-0375-43AF-9509-A306CE56B0B2}.Release|x86.ActiveCfg = Release|Any CPU
		{757D965F-0375-43AF-9509-A306CE56B0B2}.Release|x86.Build.0 = Release|Any CPU
		{56F0912D-D272-44D9-BE6B-CE2199D54C9A}.Debug|Any CPU.ActiveCfg = Debug|Any CPU
		{56F0912D-D272-44D9-BE6B-CE2199D54C9A}.Debug|Any CPU.Build.0 = Debug|Any CPU
		{56F0912D-D272-44D9-BE6B-CE2199D54C9A}.Debug|x64.ActiveCfg = Debug|Any CPU
		{56F0912D-D272-44D9-BE6B-CE2199D54C9A}.Debug|x64.Build.0 = Debug|Any CPU
		{56F0912D-D272-44D9-BE6B-CE2199D54C9A}.Debug|x86.ActiveCfg = Debug|Any CPU
		{56F0912D-D272-44D9-BE6B-CE2199D54C9A}.Debug|x86.Build.0 = Debug|Any CPU
		{56F0912D-D272-44D9-BE6B-CE2199D54C9A}.Release|Any CPU.ActiveCfg = Release|Any CPU
		{56F0912D-D272-44D9-BE6B-CE2199D54C9A}.Release|Any CPU.Build.0 = Release|Any CPU
		{56F0912D-D272-44D9-BE6B-CE2199D54C9A}.Release|x64.ActiveCfg = Release|Any CPU
		{56F0912D-D272-44D9-BE6B-CE2199D54C9A}.Release|x64.Build.0 = Release|Any CPU
		{56F0912D-D272-44D9-BE6B-CE2199D54C9A}.Release|x86.ActiveCfg = Release|Any CPU
		{56F0912D-D272-44D9-BE6B-CE2199D54C9A}.Release|x86.Build.0 = Release|Any CPU
		{0DDCF558-B2BD-4C78-BE6F-791095831C1B}.Debug|Any CPU.ActiveCfg = Debug|Any CPU
		{0DDCF558-B2BD-4C78-BE6F-791095831C1B}.Debug|Any CPU.Build.0 = Debug|Any CPU
		{0DDCF558-B2BD-4C78-BE6F-791095831C1B}.Debug|x64.ActiveCfg = Debug|Any CPU
		{0DDCF558-B2BD-4C78-BE6F-791095831C1B}.Debug|x64.Build.0 = Debug|Any CPU
		{0DDCF558-B2BD-4C78-BE6F-791095831C1B}.Debug|x86.ActiveCfg = Debug|Any CPU
		{0DDCF558-B2BD-4C78-BE6F-791095831C1B}.Debug|x86.Build.0 = Debug|Any CPU
		{0DDCF558-B2BD-4C78-BE6F-791095831C1B}.Release|Any CPU.ActiveCfg = Release|Any CPU
		{0DDCF558-B2BD-4C78-BE6F-791095831C1B}.Release|Any CPU.Build.0 = Release|Any CPU
		{0DDCF558-B2BD-4C78-BE6F-791095831C1B}.Release|x64.ActiveCfg = Release|Any CPU
		{0DDCF558-B2BD-4C78-BE6F-791095831C1B}.Release|x64.Build.0 = Release|Any CPU
		{0DDCF558-B2BD-4C78-BE6F-791095831C1B}.Release|x86.ActiveCfg = Release|Any CPU
		{0DDCF558-B2BD-4C78-BE6F-791095831C1B}.Release|x86.Build.0 = Release|Any CPU
	EndGlobalSection
	GlobalSection(NestedProjects) = preSolution
		{EEF7C7D5-A3C0-44BA-9FA7-C0C9AE7D1B11} = {E1E00053-6365-47AD-B4BF-52347A3B826E}
		{8066FE91-AEC9-4E55-B7AF-60AF1D34DE6F} = {E1E00053-6365-47AD-B4BF-52347A3B826E}
		{757D965F-0375-43AF-9509-A306CE56B0B2} = {E1E00053-6365-47AD-B4BF-52347A3B826E}
		{56F0912D-D272-44D9-BE6B-CE2199D54C9A} = {AD84ECB3-B08D-4F5C-8FAC-050847810EB1}
		{0DDCF558-B2BD-4C78-BE6F-791095831C1B} = {AD84ECB3-B08D-4F5C-8FAC-050847810EB1}
	EndGlobalSection
EndGlobal
